
Microsoft Visual Studio Solution File, Format Version 12.00
# Visual Studio Version 16
VisualStudioVersion = 16.0.30413.136
MinimumVisualStudioVersion = 10.0.40219.1
Project("{FAE04EC0-301F-11D3-BF4B-00C04F79EFBC}") = "Xylia.Bns.Appearance", "Xylia.Bns.Appearance.csproj", "{98A28FBD-8735-4418-B55C-EAAA378E12BF}"
EndProject
Global
	GlobalSection(SolutionConfigurationPlatforms) = preSolution
		Debug|Any CPU = Debug|Any CPU
		Release|Any CPU = Release|Any CPU
	EndGlobalSection
	GlobalSection(ProjectConfigurationPlatforms) = postSolution
		{98A28FBD-8735-4418-B55C-EAAA378E12BF}.Debug|Any CPU.ActiveCfg = Debug|Any CPU
		{98A28FBD-8735-4418-B55C-EAAA378E12BF}.Debug|Any CPU.Build.0 = Debug|Any CPU
		{98A28FBD-8735-4418-B55C-EAAA378E12BF}.Release|Any CPU.ActiveCfg = Release|Any CPU
		{98A28FBD-8735-4418-B55C-EAAA378E12BF}.Release|Any CPU.Build.0 = Release|Any CPU
	EndGlobalSection
	GlobalSection(SolutionProperties) = preSolution
		HideSolutionNode = FALSE
	EndGlobalSection
	GlobalSection(ExtensibilityGlobals) = postSolution
		SolutionGuid = {C0FD6889-4C5F-487B-A128-C905B903DDE3}
	EndGlobalSection
EndGlobal
